Microsoft Visual Studio Solution File, Format Version 12.00
# Visual Studio Version 17
VisualStudioVersion = 17.5.2.0
MinimumVisualStudioVersion = 10.0.40219.1
Project("{FAE04EC0-301F-11D3-BF4B-00C04F79EFBC}") = "EmailSenderFunctionApp", "EmailSenderFunctionApp.csproj", "{8674C0FE-E4B7-F3D7-FD22-934BC729B831}"
EndProject
Project("{2150E333-8FDC-42A3-9474-1A3956D46DE8}") = "obj", "obj", "{CA285D67-BB6D-2923-29FD-B5A1C6B8EB24}"
EndProject
Project("{2150E333-8FDC-42A3-9474-1A3956D46DE8}") = "Debug", "Debug", "{3DB07252-4F5B-61B7-192E-6C40720DF607}"
EndProject
Project("{2150E333-8FDC-42A3-9474-1A3956D46DE8}") = "net8.0", "net8.0", "{BA64DA0F-47DD-4310-553B-4CC85DEE94FB}"
EndProject
Project("{FAE04EC0-301F-11D3-BF4B-00C04F79EFBC}") = "WorkerExtensions", "obj\Debug\net8.0\WorkerExtensions\WorkerExtensions.csproj", "{D5C34E5E-AF2B-711A-19AB-60979F4F9D10}"
EndProject
Project("{2150E333-8FDC-42A3-9474-1A3956D46DE8}") = "Release", "Release", "{DA95AA47-ED09-4F06-18B9-BFDCCE25247A}"
EndProject
Project("{2150E333-8FDC-42A3-9474-1A3956D46DE8}") = "net10.0", "net10.0", "{F17EBC9A-4CA2-759A-D56B-70C7208C40E6}"
EndProject
Project("{FAE04EC0-301F-11D3-BF4B-00C04F79EFBC}") = "WorkerExtensions", "obj\Release\net10.0\WorkerExtensions\WorkerExtensions.csproj", "{E2F5C8E7-CC86-192A-B13A-E30DBDEDA587}"
EndProject
Project("{2150E333-8FDC-42A3-9474-1A3956D46DE8}") = "net8.0", "net8.0", "{1B140624-E16F-F13B-7A84-8F7FBF682809}"
EndProject
Project("{FAE04EC0-301F-11D3-BF4B-00C04F79EFBC}") = "WorkerExtensions", "obj\Release\net8.0\WorkerExtensions\WorkerExtensions.csproj", "{DAFBCCB8-AC31-05E2-9D5D-35CB199D4F20}"
EndProject
Project("{2150E333-8FDC-42A3-9474-1A3956D46DE8}") = "linux-x64", "linux-x64", "{F1B773A7-ED92-0DC1-873E-7F15BF39958D}"
EndProject
Project("{FAE04EC0-301F-11D3-BF4B-00C04F79EFBC}") = "WorkerExtensions", "obj\Release\net8.0\linux-x64\WorkerExtensions\WorkerExtensions.csproj", "{4656BF24-A190-CA80-CB0F-D2C4747A5AF6}"
EndProject
Global
	GlobalSection(SolutionConfigurationPlatforms) = preSolution
		Debug|Any CPU = Debug|Any CPU
		Release|Any CPU = Release|Any CPU
	EndGlobalSection
	GlobalSection(ProjectConfigurationPlatforms) = postSolution
		{8674C0FE-E4B7-F3D7-FD22-934BC729B831}.Debug|Any CPU.ActiveCfg = Debug|Any CPU
		{8674C0FE-E4B7-F3D7-FD22-934BC729B831}.Debug|Any CPU.Build.0 = Debug|Any CPU
		{8674C0FE-E4B7-F3D7-FD22-934BC729B831}.Release|Any CPU.ActiveCfg = Release|Any CPU
		{8674C0FE-E4B7-F3D7-FD22-934BC729B831}.Release|Any CPU.Build.0 = Release|Any CPU
		{D5C34E5E-AF2B-711A-19AB-60979F4F9D10}.Debug|Any CPU.ActiveCfg = Debug|Any CPU
		{D5C34E5E-AF2B-711A-19AB-60979F4F9D10}.Debug|Any CPU.Build.0 = Debug|Any CPU
		{D5C34E5E-AF2B-711A-19AB-60979F4F9D10}.Release|Any CPU.ActiveCfg = Release|Any CPU
		{D5C34E5E-AF2B-711A-19AB-60979F4F9D10}.Release|Any CPU.Build.0 = Release|Any CPU
		{E2F5C8E7-CC86-192A-B13A-E30DBDEDA587}.Debug|Any CPU.ActiveCfg = Debug|Any CPU
		{E2F5C8E7-CC86-192A-B13A-E30DBDEDA587}.Debug|Any CPU.Build.0 = Debug|Any CPU
		{E2F5C8E7-CC86-192A-B13A-E30DBDEDA587}.Release|Any CPU.ActiveCfg = Release|Any CPU
		{E2F5C8E7-CC86-192A-B13A-E30DBDEDA587}.Release|Any CPU.Build.0 = Release|Any CPU
		{DAFBCCB8-AC31-05E2-9D5D-35CB199D4F20}.Debug|Any CPU.ActiveCfg = Debug|Any CPU
		{DAFBCCB8-AC31-05E2-9D5D-35CB199D4F20}.Debug|Any CPU.Build.0 = Debug|Any CPU
		{DAFBCCB8-AC31-05E2-9D5D-35CB199D4F20}.Release|Any CPU.ActiveCfg = Release|Any CPU
		{DAFBCCB8-AC31-05E2-9D5D-35CB199D4F20}.Release|Any CPU.Build.0 = Release|Any CPU
		{4656BF24-A190-CA80-CB0F-D2C4747A5AF6}.Debug|Any CPU.ActiveCfg = Debug|Any CPU
		{4656BF24-A190-CA80-CB0F-D2C4747A5AF6}.Debug|Any CPU.Build.0 = Debug|Any CPU
		{4656BF24-A190-CA80-CB0F-D2C4747A5AF6}.Release|Any CPU.ActiveCfg = Release|Any CPU
		{4656BF24-A190-CA80-CB0F-D2C4747A5AF6}.Release|Any CPU.Build.0 = Release|Any CPU
	EndGlobalSection
	GlobalSection(SolutionProperties) = preSolution
		HideSolutionNode = FALSE
	EndGlobalSection
	GlobalSection(NestedProjects) = preSolution
		{3DB07252-4F5B-61B7-192E-6C40720DF607} = {CA285D67-BB6D-2923-29FD-B5A1C6B8EB24}
		{BA64DA0F-47DD-4310-553B-4CC85DEE94FB} = {3DB07252-4F5B-61B7-192E-6C40720DF607}
		{D5C34E5E-AF2B-711A-19AB-60979F4F9D10} = {BA64DA0F-47DD-4310-553B-4CC85DEE94FB}
		{DA95AA47-ED09-4F06-18B9-BFDCCE25247A} = {CA285D67-BB6D-2923-29FD-B5A1C6B8EB24}
		{F17EBC9A-4CA2-759A-D56B-70C7208C40E6} = {DA95AA47-ED09-4F06-18B9-BFDCCE25247A}
		{E2F5C8E7-CC86-192A-B13A-E30DBDEDA587} = {F17EBC9A-4CA2-759A-D56B-70C7208C40E6}
		{1B140624-E16F-F13B-7A84-8F7FBF682809} = {DA95AA47-ED09-4F06-18B9-BFDCCE25247A}
		{DAFBCCB8-AC31-05E2-9D5D-35CB199D4F20} = {1B140624-E16F-F13B-7A84-8F7FBF682809}
		{F1B773A7-ED92-0DC1-873E-7F15BF39958D} = {1B140624-E16F-F13B-7A84-8F7FBF682809}
		{4656BF24-A190-CA80-CB0F-D2C4747A5AF6} = {F1B773A7-ED92-0DC1-873E-7F15BF39958D}
	EndGlobalSection
	GlobalSection(ExtensibilityGlobals) = postSolution
		SolutionGuid = {2C346D82-5242-4BEB-B063-78B6873C2369}
	EndGlobalSection
EndGlobal
